
Microsoft Visual Studio Solution File, Format Version 12.00
# Visual Studio Version 16
VisualStudioVersion = 16.0.30717.126
MinimumVisualStudioVersion = 10.0.40219.1
Project("{9A19103F-16F7-4668-BE54-9A1E7A4F7556}") = "Identifier.SpellChecker", "Identifier.SpellChecker\Identifier.SpellChecker.csproj", "{B6574B82-7276-4E6E-B946-166851D457EE}"
EndProject
Project("{9A19103F-16F7-4668-BE54-9A1E7A4F7556}") = "Identifier.SpellChecker.CodeFixes", "Identifier.SpellChecker.CodeFixes\Identifier.SpellChecker.CodeFixes.csproj", "{6F4219B8-FA13-4BE5-8A58-935B708A3135}"
EndProject
Project("{9A19103F-16F7-4668-BE54-9A1E7A4F7556}") = "SpellChecker", "SpellChecker\SpellChecker.csproj", "{AB8F202F-CBF5-4ED8-849C-F7D07B53271E}"
EndProject
Project("{9A19103F-16F7-4668-BE54-9A1E7A4F7556}") = "SpellChecker.Tests", "SpellChecker.Tests\SpellChecker.Tests.csproj", "{883CAFEB-51F7-4794-BBEA-87FA8E1B15CD}"
EndProject
Project("{9A19103F-16F7-4668-BE54-9A1E7A4F7556}") = "Identifier.SpellChecker.Tests", "Identifier.SpellChecker.Tests\Identifier.SpellChecker.Tests.csproj", "{EB430848-2DA5-41B3-B8FE-49B502B5658B}"
EndProject
Project("{2150E333-8FDC-42A3-9474-1A3956D46DE8}") = "Solution Items", "Solution Items", "{125F8449-C7A8-4575-93D3-A72977A7F5A7}"
	ProjectSection(SolutionItems) = preProject
		.editorconfig = .editorconfig
	EndProjectSection
EndProject
Project("{FAE04EC0-301F-11D3-BF4B-00C04F79EFBC}") = "Roslyn.Verifiers", "Roslyn.Verifiers\Roslyn.Verifiers.csproj", "{51B59CBF-4166-44B0-AB1C-444A550763B8}"
EndProject
Project("{FAE04EC0-301F-11D3-BF4B-00C04F79EFBC}") = "Roslyn.Verifiers.Xunit", "Roslyn.Verifiers.Xunit\Roslyn.Verifiers.Xunit.csproj", "{1CD5501E-F747-4BF3-A6C5-1C8A28C5BCE7}"
EndProject
Global
	GlobalSection(SolutionConfigurationPlatforms) = preSolution
		Debug|Any CPU = Debug|Any CPU
		Release|Any CPU = Release|Any CPU
	EndGlobalSection
	GlobalSection(ProjectConfigurationPlatforms) = postSolution
		{B6574B82-7276-4E6E-B946-166851D457EE}.Debug|Any CPU.ActiveCfg = Debug|Any CPU
		{B6574B82-7276-4E6E-B946-166851D457EE}.Debug|Any CPU.Build.0 = Debug|Any CPU
		{B6574B82-7276-4E6E-B946-166851D457EE}.Release|Any CPU.ActiveCfg = Release|Any CPU
		{B6574B82-7276-4E6E-B946-166851D457EE}.Release|Any CPU.Build.0 = Release|Any CPU
		{6F4219B8-FA13-4BE5-8A58-935B708A3135}.Debug|Any CPU.ActiveCfg = Debug|Any CPU
		{6F4219B8-FA13-4BE5-8A58-935B708A3135}.Debug|Any CPU.Build.0 = Debug|Any CPU
		{6F4219B8-FA13-4BE5-8A58-935B708A3135}.Release|Any CPU.ActiveCfg = Release|Any CPU
		{6F4219B8-FA13-4BE5-8A58-935B708A3135}.Release|Any CPU.Build.0 = Release|Any CPU
		{AB8F202F-CBF5-4ED8-849C-F7D07B53271E}.Debug|Any CPU.ActiveCfg = Debug|Any CPU
		{AB8F202F-CBF5-4ED8-849C-F7D07B53271E}.Debug|Any CPU.Build.0 = Debug|Any CPU
		{AB8F202F-CBF5-4ED8-849C-F7D07B53271E}.Release|Any CPU.ActiveCfg = Release|Any CPU
		{AB8F202F-CBF5-4ED8-849C-F7D07B53271E}.Release|Any CPU.Build.0 = Release|Any CPU
		{883CAFEB-51F7-4794-BBEA-87FA8E1B15CD}.Debug|Any CPU.ActiveCfg = Debug|Any CPU
		{883CAFEB-51F7-4794-BBEA-87FA8E1B15CD}.Debug|Any CPU.Build.0 = Debug|Any CPU
		{883CAFEB-51F7-4794-BBEA-87FA8E1B15CD}.Release|Any CPU.ActiveCfg = Release|Any CPU
		{883CAFEB-51F7-4794-BBEA-87FA8E1B15CD}.Release|Any CPU.Build.0 = Release|Any CPU
		{EB430848-2DA5-41B3-B8FE-49B502B5658B}.Debug|Any CPU.ActiveCfg = Debug|Any CPU
		{EB430848-2DA5-41B3-B8FE-49B502B5658B}.Debug|Any CPU.Build.0 = Debug|Any CPU
		{EB430848-2DA5-41B3-B8FE-49B502B5658B}.Release|Any CPU.ActiveCfg = Release|Any CPU
		{EB430848-2DA5-41B3-B8FE-49B502B5658B}.Release|Any CPU.Build.0 = Release|Any CPU
		{51B59CBF-4166-44B0-AB1C-444A550763B8}.Debug|Any CPU.ActiveCfg = Debug|Any CPU
		{51B59CBF-4166-44B0-AB1C-444A550763B8}.Debug|Any CPU.Build.0 = Debug|Any CPU
		{51B59CBF-4166-44B0-AB1C-444A550763B8}.Release|Any CPU.ActiveCfg = Release|Any CPU
		{51B59CBF-4166-44B0-AB1C-444A550763B8}.Release|Any CPU.Build.0 = Release|Any CPU
		{1CD5501E-F747-4BF3-A6C5-1C8A28C5BCE7}.Debug|Any CPU.ActiveCfg = Debug|Any CPU
		{1CD5501E-F747-4BF3-A6C5-1C8A28C5BCE7}.Debug|Any CPU.Build.0 = Debug|Any CPU
		{1CD5501E-F747-4BF3-A6C5-1C8A28C5BCE7}.Release|Any CPU.ActiveCfg = Release|Any CPU
		{1CD5501E-F747-4BF3-A6C5-1C8A28C5BCE7}.Release|Any CPU.Build.0 = Release|Any CPU
	EndGlobalSection
	GlobalSection(SolutionProperties) = preSolution
		HideSolutionNode = FALSE
	EndGlobalSection
	GlobalSection(ExtensibilityGlobals) = postSolution
		SolutionGuid = {1A13B0A5-58DD-424E-BA35-73A32926EB46}
	EndGlobalSection
EndGlobal
